github.com/mattn/go-runewidth v0.0.2-0.20161012013512-737072b4e32b h1:zGKCShADxSzhD4RVcNFKuaedhqMYyWD54Fg9aV/BvXM=
github.com/mattn/go-runewidth v0.0.2-0.20161012013512-737072b4e32b/go.mod h1:LwmH8dsx7+W8Uxz3IHJYH5QSwggIsqBzpuz5H//U1FU=
github.com/olekukonko/tablewriter v0.0.0-20160923125401-bdcc175572fd h1:nEatQ6JnwCT9iYD5uqYUiFqq8tJGX25to8KVKXqya7k=
github.com/olekukonko/tablewriter v0.0.0-20160923125401-bdcc175572fd/go.mod h1:vsDQFd/mU46D+Z4whnwzcISnGGzXWMclvtLoiIKAKIo=
